{
    "_readme": [
        "This file locks the dependencies of your project to a known state",
        "Read more about it at https://getcomposer.org/doc/01-basic-usage.md#installing-dependencies",
        "This file is @generated automatically"
    ],
    "content-hash": "2e525b6f6c89f800417e10dca495fbeb",
    "packages": [
        {
            "name": "concisecss/concise.css",
            "version": "v2.1.0",
            "source": {
                "type": "git",
                "url": "https://github.com/ConciseCSS/concise.css.git",
                "reference": "1e093f3c26b13e08d1cb1836088fa0752db0af31"
            },
            "dist": {
                "type": "zip",
                "url": "https://api.github.com/repos/ConciseCSS/concise.css/zipball/1e093f3c26b13e08d1cb1836088fa0752db0af31",
                "reference": "1e093f3c26b13e08d1cb1836088fa0752db0af31",
                "shasum": ""
            },
            "replace": {
                "concisecss/concise.css": "self.version"
            },
            "type": "library",
            "notification-url": "https://packagist.org/downloads/",
            "license": [
                "MIT"
            ],
            "authors": [
                {
                    "name": "Keenan Payne",
                    "email": "contact@keenanpayne.com"
                }
            ],
            "description": "A lightweight front-end framework that provides functionality without the bloat.",
            "homepage": "http://concisecss.com",
            "keywords": [
                "JS",
                "css",
                "framework",
                "front-end",
                "mobile-first",
                "responsive",
                "sass",
                "scss",
                "web"
            ],
            "time": "2015-02-17T06:23:04+00:00"
        },
        {
            "name": "m6w6/pharext",
            "version": "v4.1.2",
            "source": {
                "type": "git",
                "url": "https://github.com/pharext/pharext.git",
                "reference": "ab3dad846161d248f3c426ebc545cc6eb02fb5bc"
            },
            "dist": {
                "type": "zip",
                "url": "https://api.github.com/repos/pharext/pharext/zipball/ab3dad846161d248f3c426ebc545cc6eb02fb5bc",
                "reference": "ab3dad846161d248f3c426ebc545cc6eb02fb5bc",
                "shasum": ""
            },
            "bin": [
                "bin/pharext",
                "bin/pharext.pubkey",
                "bin/pharext.update",
                "bin/pharext.update.pubkey"
            ],
            "type": "project",
            "autoload": {
                "psr-0": {
                    "pharext": "src"
                }
            },
            "notification-url": "https://packagist.org/downloads/",
            "include-path": [
                "src/"
            ],
            "license": [
                "BSD-2-Clause"
            ],
            "description": "Package PHP extensions as self-installing PHARs",
            "keywords": [
                "ext",
                "extension",
                "install",
                "package",
                "phar"
            ],
            "time": "2019-09-10T13:18:30+00:00"
        }
    ],
    "packages-dev": [],
    "aliases": [],
    "minimum-stability": "stable",
    "stability-flags": [],
    "prefer-stable": false,
    "prefer-lowest": false,
    "platform": [],
    "platform-dev": []
}
